{
  "nodes": {
    "agent-notes": {
      "inputs": {
        "nixpkgs": [
          "nixpkgs"
        ]
      },
      "locked": {
        "lastModified": 1788990079,
        "narHash": "sha256-2JvS2l4n1T4mf4m7jNITyk9Me8LYCRSn6s/kjaPMep0=",
        "owner": "roshbhatia",
        "repo": "agent-notes",
        "rev": "7ce22015716e2b8a6c6148852cb8222f50bac842",
        "type": "github"
      },
      "original": {
        "owner": "roshbhatia",
        "repo": "agent-notes",
        "type": "github"
      }
    },
    "nixpkgs": {
      "locked": {
        "lastModified": 1789073787,
        "narHash": "sha256-xfX/toC2QV707s06GbP4II/TxYF0fNQj7s5/LClNDKc=",
        "owner": "NixOS",
        "repo": "nixpkgs",
        "rev": "aff8a0b28396750446e5537a96461bc4facdb287",
        "type": "github"
      },
      "original": {
        "owner": "NixOS",
        "ref": "nixpkgs-unstable",
        "repo": "nixpkgs",
        "type": "github"
      }
    },
    "provider-spec": {
      "flake": false,
      "locked": {
        "lastModified": 1788907976,
        "narHash": "sha256-o0eerxlZdatjXkv1DB5WtXD15u0e00I3R9gtxIjnj5M=",
        "owner": "roshbhatia",
        "repo": "provider-spec",
        "rev": "7a141d5bce35a4f65cdc08b10e575932b45d2707",
        "type": "github"
      },
      "original": {
        "owner": "roshbhatia",
        "ref": "v1.0.0",
        "repo": "provider-spec",
        "type": "github"
      }
    },
    "root": {
      "inputs": {
        "agent-notes": "agent-notes",
        "nixpkgs": "nixpkgs",
        "provider-spec": "provider-spec"
      }
    }
  },
  "root": "root",
  "version": 7
}
